
Microsoft Visual Studio Solution File, Format Version 12.00
# Visual Studio 2013
VisualStudioVersion = 12.0.21005.1
MinimumVisualStudioVersion = 10.0.40219.1
Project("{FAE04EC0-301F-11D3-BF4B-00C04F79EFBC}") = "BionicAntCodeTest", "BionicAntCodeTest\BionicAntCodeTest.csproj", "{493D2E50-0795-418E-8DDE-ADFCE2BC575F}"
EndProject
Project("{FAE04EC0-301F-11D3-BF4B-00C04F79EFBC}") = "BionicAntCodeTest.UnitTests", "BionicAntCodeTest.UnitTests\BionicAntCodeTest.UnitTests.csproj", "{73EC8B13-DB2E-44D1-9AD4-633ED9220A32}"
EndProject
Global
	GlobalSection(SolutionConfigurationPlatforms) = preSolution
		Debug|Any CPU = Debug|Any CPU
		Release|Any CPU = Release|Any CPU
	EndGlobalSection
	GlobalSection(ProjectConfigurationPlatforms) = postSolution
		{493D2E50-0795-418E-8DDE-ADFCE2BC575F}.Debug|Any CPU.ActiveCfg = Debug|Any CPU
		{493D2E50-0795-418E-8DDE-ADFCE2BC575F}.Debug|Any CPU.Build.0 = Debug|Any CPU
		{493D2E50-0795-418E-8DDE-ADFCE2BC575F}.Release|Any CPU.ActiveCfg = Release|Any CPU
		{493D2E50-0795-418E-8DDE-ADFCE2BC575F}.Release|Any CPU.Build.0 = Release|Any CPU
		{73EC8B13-DB2E-44D1-9AD4-633ED9220A32}.Debug|Any CPU.ActiveCfg = Debug|Any CPU
		{73EC8B13-DB2E-44D1-9AD4-633ED9220A32}.Debug|Any CPU.Build.0 = Debug|Any CPU
		{73EC8B13-DB2E-44D1-9AD4-633ED9220A32}.Release|Any CPU.ActiveCfg = Release|Any CPU
		{73EC8B13-DB2E-44D1-9AD4-633ED9220A32}.Release|Any CPU.Build.0 = Release|Any CPU
	EndGlobalSection
	GlobalSection(SolutionProperties) = preSolution
		HideSolutionNode = FALSE
	EndGlobalSection
EndGlobal
